
Microsoft Visual Studio Solution File, Format Version 12.00
# Visual Studio Version 17
VisualStudioVersion = 17.12.35514.174
MinimumVisualStudioVersion = 10.0.40219.1
Project("{2150E333-8FDC-42A3-9474-1A3956D46DE8}") = "src", "src", "{62B72499-1CCA-4FBD-BC07-72ACC5F9D5FB}"
EndProject
Project("{FAE04EC0-301F-11D3-BF4B-00C04F79EFBC}") = "BamdadPaymentCore", "BamdadPaymentCore\BamdadPaymentCore.csproj", "{AFAB58D9-AB17-4502-B507-D79DF62A1E23}"
EndProject
Project("{FAE04EC0-301F-11D3-BF4B-00C04F79EFBC}") = "BamdadPaymentCore.Domain", "BamdadPaymentCore.Domain\BamdadPaymentCore.Domain.csproj", "{BF6A76FB-07F4-455C-A529-324A9D7A5FCB}"
EndProject
Global
	GlobalSection(SolutionConfigurationPlatforms) = preSolution
		Debug|Any CPU = Debug|Any CPU
		Release|Any CPU = Release|Any CPU
	EndGlobalSection
	GlobalSection(ProjectConfigurationPlatforms) = postSolution
		{AFAB58D9-AB17-4502-B507-D79DF62A1E23}.Debug|Any CPU.ActiveCfg = Debug|Any CPU
		{AFAB58D9-AB17-4502-B507-D79DF62A1E23}.Debug|Any CPU.Build.0 = Debug|Any CPU
		{AFAB58D9-AB17-4502-B507-D79DF62A1E23}.Release|Any CPU.ActiveCfg = Release|Any CPU
		{AFAB58D9-AB17-4502-B507-D79DF62A1E23}.Release|Any CPU.Build.0 = Release|Any CPU
		{BF6A76FB-07F4-455C-A529-324A9D7A5FCB}.Debug|Any CPU.ActiveCfg = Debug|Any CPU
		{BF6A76FB-07F4-455C-A529-324A9D7A5FCB}.Debug|Any CPU.Build.0 = Debug|Any CPU
		{BF6A76FB-07F4-455C-A529-324A9D7A5FCB}.Release|Any CPU.ActiveCfg = Release|Any CPU
		{BF6A76FB-07F4-455C-A529-324A9D7A5FCB}.Release|Any CPU.Build.0 = Release|Any CPU
	EndGlobalSection
	GlobalSection(SolutionProperties) = preSolution
		HideSolutionNode = FALSE
	EndGlobalSection
	GlobalSection(NestedProjects) = preSolution
		{AFAB58D9-AB17-4502-B507-D79DF62A1E23} = {62B72499-1CCA-4FBD-BC07-72ACC5F9D5FB}
		{BF6A76FB-07F4-455C-A529-324A9D7A5FCB} = {62B72499-1CCA-4FBD-BC07-72ACC5F9D5FB}
	EndGlobalSection
EndGlobal
